{
  "object": {
    "pins": [
      {
        "package": "Rearrange",
        "repositoryURL": "https://github.com/ChimeHQ/Rearrange.git",
        "state": {
          "branch": null,
          "revision": "4e055c18db2e0ae669d314691386b6599eb4265b",
          "version": "1.1.6"
        }
      }
    ]
  },
  "version": 1
}
