{
  "object": {
    "pins": [
      {
        "package": "Rearrange",
        "repositoryURL": "https://github.com/ChimeHQ/Rearrange",
        "state": {
          "branch": null,
          "revision": "320acefe0a330366fd957d0a3d650cfb930e1c78",
          "version": "1.4.0"
        }
      }
    ]
  },
  "version": 1
}
